// !$*UTF8*$!
{
	archiveVersion = 1;
	classes = {
	};
	objectVersion = 56;
	objects = {

/* Begin PBXBuildFile section */
		48FCE6F428DD11D7002C0C88 /* ChatMate.swift in Sources */ = {isa = PBXBuildFile; fileRef = 48FCE6F328DD11D7002C0C88 /* ChatMate.swift */; };
		48FCE6F628DD11D7002C0C88 /* StartView.swift in Sources */ = {isa = PBXBuildFile; fileRef = 48FCE6F528DD11D7002C0C88 /* StartView.swift */; };
		48FCE6F828DD11D9002C0C88 /* Assets.xcassets in Resources */ = {isa = PBXBuildFile; fileRef = 48FCE6F728DD11D9002C0C88 /* Assets.xcassets */; };
		48FCE6FB28DD11D9002C0C88 /* Preview Assets.xcassets in Resources */ = {isa = PBXBuildFile; fileRef = 48FCE6FA28DD11D9002C0C88 /* Preview Assets.xcassets */; };
		48FCE71028DD135C002C0C88 /* Fonts.swift in Sources */ = {isa = PBXBuildFile; fileRef = 48FCE70F28DD135C002C0C88 /* Fonts.swift */; };
		48FCE71328DD1455002C0C88 /* CustomTabBar.swift in Sources */ = {isa = PBXBuildFile; fileRef = 48FCE71228DD1455002C0C88 /* CustomTabBar.swift */; };
		48FCE71A28DD18DC002C0C88 /* LexendDeca-Bold.ttf in Resources */ = {isa = PBXBuildFile; fileRef = 48FCE71728DD18DC002C0C88 /* LexendDeca-Bold.ttf */; };
		48FCE71B28DD18DC002C0C88 /* LexendDeca-Regular.ttf in Resources */ = {isa = PBXBuildFile; fileRef = 48FCE71828DD18DC002C0C88 /* LexendDeca-Regular.ttf */; };
		48FCE71C28DD18DC002C0C88 /* LexendDeca-SemiBold.ttf in Resources */ = {isa = PBXBuildFile; fileRef = 48FCE71928DD18DC002C0C88 /* LexendDeca-SemiBold.ttf */; };
		48FCE71E28DD1AD3002C0C88 /* TabBarButton.swift in Sources */ = {isa = PBXBuildFile; fileRef = 48FCE71D28DD1AD3002C0C88 /* TabBarButton.swift */; };
		48FCE72028DE0A55002C0C88 /* GoogleService-Info.plist in Resources */ = {isa = PBXBuildFile; fileRef = 48FCE71F28DE0A54002C0C88 /* GoogleService-Info.plist */; };
		48FCE72328DE0C2D002C0C88 /* FirebaseAuth in Frameworks */ = {isa = PBXBuildFile; productRef = 48FCE72228DE0C2D002C0C88 /* FirebaseAuth */; };
		48FCE72528DE0C2D002C0C88 /* FirebaseFirestore in Frameworks */ = {isa = PBXBuildFile; productRef = 48FCE72428DE0C2D002C0C88 /* FirebaseFirestore */; };
		48FCE72728DE0C2D002C0C88 /* FirebaseFirestoreSwift in Frameworks */ = {isa = PBXBuildFile; productRef = 48FCE72628DE0C2D002C0C88 /* FirebaseFirestoreSwift */; };
		48FCE72928DE0C2D002C0C88 /* FirebaseStorage in Frameworks */ = {isa = PBXBuildFile; productRef = 48FCE72828DE0C2D002C0C88 /* FirebaseStorage */; };
		48FCE72D28DE12E4002C0C88 /* AuthViewModel.swift in Sources */ = {isa = PBXBuildFile; fileRef = 48FCE72C28DE12E4002C0C88 /* AuthViewModel.swift */; };
/* End PBXBuildFile section */

/* Begin PBXFileReference section */
		48FCE6F028DD11D7002C0C88 /* ChatMate.app */ = {isa = PBXFileReference; explicitFileType = wrapper.application; includeInIndex = 0; path = ChatMate.app; sourceTree = BUILT_PRODUCTS_DIR; };
		48FCE6F328DD11D7002C0C88 /* ChatMate.swift */ = {isa = PBXFileReference; lastKnownFileType = sourcecode.swift; path = ChatMate.swift; sourceTree = "<group>"; };
		48FCE6F528DD11D7002C0C88 /* StartView.swift */ = {isa = PBXFileReference; lastKnownFileType = sourcecode.swift; path = StartView.swift; sourceTree = "<group>"; };
		48FCE6F728DD11D9002C0C88 /* Assets.xcassets */ = {isa = PBXFileReference; lastKnownFileType = folder.assetcatalog; path = Assets.xcassets; sourceTree = "<group>"; };
		48FCE6FA28DD11D9002C0C88 /* Preview Assets.xcassets */ = {isa = PBXFileReference; lastKnownFileType = folder.assetcatalog; path = "Preview Assets.xcassets"; sourceTree = "<group>"; };
		48FCE70E28DD1306002C0C88 /* Info.plist */ = {isa = PBXFileReference; lastKnownFileType = text.plist; path = Info.plist; sourceTree = "<group>"; };
		48FCE70F28DD135C002C0C88 /* Fonts.swift */ = {isa = PBXFileReference; lastKnownFileType = sourcecode.swift; path = Fonts.swift; sourceTree = "<group>"; };
		48FCE71228DD1455002C0C88 /* CustomTabBar.swift */ = {isa = PBXFileReference; lastKnownFileType = sourcecode.swift; path = CustomTabBar.swift; sourceTree = "<group>"; };
		48FCE71728DD18DC002C0C88 /* LexendDeca-Bold.ttf */ = {isa = PBXFileReference; lastKnownFileType = file; path = "LexendDeca-Bold.ttf"; sourceTree = "<group>"; };
		48FCE71828DD18DC002C0C88 /* LexendDeca-Regular.ttf */ = {isa = PBXFileReference; lastKnownFileType = file; path = "LexendDeca-Regular.ttf"; sourceTree = "<group>"; };
		48FCE71928DD18DC002C0C88 /* LexendDeca-SemiBold.ttf */ = {isa = PBXFileReference; lastKnownFileType = file; path = "LexendDeca-SemiBold.ttf"; sourceTree = "<group>"; };
		48FCE71D28DD1AD3002C0C88 /* TabBarButton.swift */ = {isa = PBXFileReference; lastKnownFileType = sourcecode.swift; path = TabBarButton.swift; sourceTree = "<group>"; };
		48FCE71F28DE0A54002C0C88 /* GoogleService-Info.plist */ = {isa = PBXFileReference; fileEncoding = 4; lastKnownFileType = text.plist.xml; path = "GoogleService-Info.plist"; sourceTree = "<group>"; };
		48FCE72C28DE12E4002C0C88 /* AuthViewModel.swift */ = {isa = PBXFileReference; lastKnownFileType = sourcecode.swift; path = AuthViewModel.swift; sourceTree = "<group>"; };
/* End PBXFileReference section */

/* Begin PBXFrameworksBuildPhase section */
		48FCE6ED28DD11D7002C0C88 /* Frameworks */ = {
			isa = PBXFrameworksBuildPhase;
			buildActionMask = 2147483647;
			files = (
				48FCE72328DE0C2D002C0C88 /* FirebaseAuth in Frameworks */,
				48FCE72928DE0C2D002C0C88 /* FirebaseStorage in Frameworks */,
				48FCE72528DE0C2D002C0C88 /* FirebaseFirestore in Frameworks */,
				48FCE72728DE0C2D002C0C88 /* FirebaseFirestoreSwift in Frameworks */,
			);
			runOnlyForDeploymentPostprocessing = 0;
		};
/* End PBXFrameworksBuildPhase section */

/* Begin PBXGroup section */
		48FCE6E728DD11D7002C0C88 = {
			isa = PBXGroup;
			children = (
				48FCE6F228DD11D7002C0C88 /* ChatMate */,
				48FCE6F128DD11D7002C0C88 /* Products */,
			);
			sourceTree = "<group>";
		};
		48FCE6F128DD11D7002C0C88 /* Products */ = {
			isa = PBXGroup;
			children = (
				48FCE6F028DD11D7002C0C88 /* ChatMate.app */,
			);
			name = Products;
			sourceTree = "<group>";
		};
		48FCE6F228DD11D7002C0C88 /* ChatMate */ = {
			isa = PBXGroup;
			children = (
				48FCE71F28DE0A54002C0C88 /* GoogleService-Info.plist */,
				48FCE70E28DD1306002C0C88 /* Info.plist */,
				48FCE6F328DD11D7002C0C88 /* ChatMate.swift */,
				48FCE70128DD11E7002C0C88 /* Views */,
				48FCE70328DD11F2002C0C88 /* Model */,
				48FCE70228DD11EC002C0C88 /* ViewModel */,
				48FCE70628DD1234002C0C88 /* Services */,
				48FCE70428DD11F8002C0C88 /* Helper */,
				48FCE70728DD1294002C0C88 /* Fonts */,
				48FCE6F728DD11D9002C0C88 /* Assets.xcassets */,
				48FCE6F928DD11D9002C0C88 /* Preview Content */,
			);
			path = ChatMate;
			sourceTree = "<group>";
		};
		48FCE6F928DD11D9002C0C88 /* Preview Content */ = {
			isa = PBXGroup;
			children = (
				48FCE6FA28DD11D9002C0C88 /* Preview Assets.xcassets */,
			);
			path = "Preview Content";
			sourceTree = "<group>";
		};
		48FCE70128DD11E7002C0C88 /* Views */ = {
			isa = PBXGroup;
			children = (
				48FCE6F528DD11D7002C0C88 /* StartView.swift */,
				48FCE71128DD1435002C0C88 /* TabBar */,
			);
			path = Views;
			sourceTree = "<group>";
		};
		48FCE70228DD11EC002C0C88 /* ViewModel */ = {
			isa = PBXGroup;
			children = (
				48FCE72C28DE12E4002C0C88 /* AuthViewModel.swift */,
			);
			path = ViewModel;
			sourceTree = "<group>";
		};
		48FCE70328DD11F2002C0C88 /* Model */ = {
			isa = PBXGroup;
			children = (
			);
			path = Model;
			sourceTree = "<group>";
		};
		48FCE70428DD11F8002C0C88 /* Helper */ = {
			isa = PBXGroup;
			children = (
				48FCE70F28DD135C002C0C88 /* Fonts.swift */,
			);
			path = Helper;
			sourceTree = "<group>";
		};
		48FCE70628DD1234002C0C88 /* Services */ = {
			isa = PBXGroup;
			children = (
			);
			path = Services;
			sourceTree = "<group>";
		};
		48FCE70728DD1294002C0C88 /* Fonts */ = {
			isa = PBXGroup;
			children = (
				48FCE71728DD18DC002C0C88 /* LexendDeca-Bold.ttf */,
				48FCE71828DD18DC002C0C88 /* LexendDeca-Regular.ttf */,
				48FCE71928DD18DC002C0C88 /* LexendDeca-SemiBold.ttf */,
			);
			path = Fonts;
			sourceTree = "<group>";
		};
		48FCE71128DD1435002C0C88 /* TabBar */ = {
			isa = PBXGroup;
			children = (
				48FCE71228DD1455002C0C88 /* CustomTabBar.swift */,
				48FCE71D28DD1AD3002C0C88 /* TabBarButton.swift */,
			);
			path = TabBar;
			sourceTree = "<group>";
		};
/* End PBXGroup section */

/* Begin PBXNativeTarget section */
		48FCE6EF28DD11D7002C0C88 /* ChatMate */ = {
			isa = PBXNativeTarget;
			buildConfigurationList = 48FCE6FE28DD11D9002C0C88 /* Build configuration list for PBXNativeTarget "ChatMate" */;
			buildPhases = (
				48FCE6EC28DD11D7002C0C88 /* Sources */,
				48FCE6ED28DD11D7002C0C88 /* Frameworks */,
				48FCE6EE28DD11D7002C0C88 /* Resources */,
			);
			buildRules = (
			);
			dependencies = (
			);
			name = ChatMate;
			packageProductDependencies = (
				48FCE72228DE0C2D002C0C88 /* FirebaseAuth */,
				48FCE72428DE0C2D002C0C88 /* FirebaseFirestore */,
				48FCE72628DE0C2D002C0C88 /* FirebaseFirestoreSwift */,
				48FCE72828DE0C2D002C0C88 /* FirebaseStorage */,
			);
			productName = ChatMate;
			productReference = 48FCE6F028DD11D7002C0C88 /* ChatMate.app */;
			productType = "com.apple.product-type.application";
		};
/* End PBXNativeTarget section */

/* Begin PBXProject section */
		48FCE6E828DD11D7002C0C88 /* Project object */ = {
			isa = PBXProject;
			attributes = {
				BuildIndependentTargetsInParallel = 1;
				LastSwiftUpdateCheck = 1400;
				LastUpgradeCheck = 1400;
				TargetAttributes = {
					48FCE6EF28DD11D7002C0C88 = {
						CreatedOnToolsVersion = 14.0;
					};
				};
			};
			buildConfigurationList = 48FCE6EB28DD11D7002C0C88 /* Build configuration list for PBXProject "ChatMate" */;
			compatibilityVersion = "Xcode 14.0";
			developmentRegion = en;
			hasScannedForEncodings = 0;
			knownRegions = (
				en,
				Base,
			);
			mainGroup = 48FCE6E728DD11D7002C0C88;
			packageReferences = (
				48FCE72128DE0C2D002C0C88 /* XCRemoteSwiftPackageReference "firebase-ios-sdk" */,
			);
			productRefGroup = 48FCE6F128DD11D7002C0C88 /* Products */;
			projectDirPath = "";
			projectRoot = "";
			targets = (
				48FCE6EF28DD11D7002C0C88 /* ChatMate */,
			);
		};
/* End PBXProject section */

/* Begin PBXResourcesBuildPhase section */
		48FCE6EE28DD11D7002C0C88 /* Resources */ = {
			isa = PBXResourcesBuildPhase;
			buildActionMask = 2147483647;
			files = (
				48FCE6FB28DD11D9002C0C88 /* Preview Assets.xcassets in Resources */,
				48FCE6F828DD11D9002C0C88 /* Assets.xcassets in Resources */,
				48FCE71C28DD18DC002C0C88 /* LexendDeca-SemiBold.ttf in Resources */,
				48FCE71B28DD18DC002C0C88 /* LexendDeca-Regular.ttf in Resources */,
				48FCE71A28DD18DC002C0C88 /* LexendDeca-Bold.ttf in Resources */,
				48FCE72028DE0A55002C0C88 /* GoogleService-Info.plist in Resources */,
			);
			runOnlyForDeploymentPostprocessing = 0;
		};
/* End PBXResourcesBuildPhase section */

/* Begin PBXSourcesBuildPhase section */
		48FCE6EC28DD11D7002C0C88 /* Sources */ = {
			isa = PBXSourcesBuildPhase;
			buildActionMask = 2147483647;
			files = (
				48FCE71328DD1455002C0C88 /* CustomTabBar.swift in Sources */,
				48FCE6F628DD11D7002C0C88 /* StartView.swift in Sources */,
				48FCE72D28DE12E4002C0C88 /* AuthViewModel.swift in Sources */,
				48FCE71028DD135C002C0C88 /* Fonts.swift in Sources */,
				48FCE71E28DD1AD3002C0C88 /* TabBarButton.swift in Sources */,
				48FCE6F428DD11D7002C0C88 /* ChatMate.swift in Sources */,
			);
			runOnlyForDeploymentPostprocessing = 0;
		};
/* End PBXSourcesBuildPhase section */

/* Begin XCBuildConfiguration section */
		48FCE6FC28DD11D9002C0C88 /* Debug */ = {
			isa = XCBuildConfiguration;
			buildSettings = {
				ALWAYS_SEARCH_USER_PATHS = NO;
				CLANG_ANALYZER_NONNULL = YES;
				CLANG_ANALYZER_NUMBER_OBJECT_CONVERSION = YES_AGGRESSIVE;
				CLANG_CXX_LANGUAGE_STANDARD = "gnu++20";
				CLANG_ENABLE_MODULES = YES;
				CLANG_ENABLE_OBJC_ARC = YES;
				CLANG_ENABLE_OBJC_WEAK = YES;
				CLANG_WARN_BLOCK_CAPTURE_AUTORELEASING = YES;
				CLANG_WARN_BOOL_CONVERSION = YES;
				CLANG_WARN_COMMA = YES;
				CLANG_WARN_CONSTANT_CONVERSION = YES;
				CLANG_WARN_DEPRECATED_OBJC_IMPLEMENTATIONS = YES;
				CLANG_WARN_DIRECT_OBJC_ISA_USAGE = YES_ERROR;
				CLANG_WARN_DOCUMENTATION_COMMENTS = YES;
				CLANG_WARN_EMPTY_BODY = YES;
				CLANG_WARN_ENUM_CONVERSION = YES;
				CLANG_WARN_INFINITE_RECURSION = YES;
				CLANG_WARN_INT_CONVERSION = YES;
				CLANG_WARN_NON_LITERAL_NULL_CONVERSION = YES;
				CLANG_WARN_OBJC_IMPLICIT_RETAIN_SELF = YES;
				CLANG_WARN_OBJC_LITERAL_CONVERSION = YES;
				CLANG_WARN_OBJC_ROOT_CLASS = YES_ERROR;
				CLANG_WARN_QUOTED_INCLUDE_IN_FRAMEWORK_HEADER = YES;
				CLANG_WARN_RANGE_LOOP_ANALYSIS = YES;
				CLANG_WARN_STRICT_PROTOTYPES = YES;
				CLANG_WARN_SUSPICIOUS_MOVE = YES;
				CLANG_WARN_UNGUARDED_AVAILABILITY = YES_AGGRESSIVE;
				CLANG_WARN_UNREACHABLE_CODE = YES;
				CLANG_WARN__DUPLICATE_METHOD_MATCH = YES;
				COPY_PHASE_STRIP = NO;
				DEBUG_INFORMATION_FORMAT = dwarf;
				ENABLE_STRICT_OBJC_MSGSEND = YES;
				ENABLE_TESTABILITY = YES;
				GCC_C_LANGUAGE_STANDARD = gnu11;
				GCC_DYNAMIC_NO_PIC = NO;
				GCC_NO_COMMON_BLOCKS = YES;
				GCC_OPTIMIZATION_LEVEL = 0;
				GCC_PREPROCESSOR_DEFINITIONS = (
					"DEBUG=1",
					"$(inherited)",
				);
				GCC_WARN_64_TO_32_BIT_CONVERSION = YES;
				GCC_WARN_ABOUT_RETURN_TYPE = YES_ERROR;
				GCC_WARN_UNDECLARED_SELECTOR = YES;
				GCC_WARN_UNINITIALIZED_AUTOS = YES_AGGRESSIVE;
				GCC_WARN_UNUSED_FUNCTION = YES;
				GCC_WARN_UNUSED_VARIABLE = YES;
				IPHONEOS_DEPLOYMENT_TARGET = 16.0;
				MTL_ENABLE_DEBUG_INFO = INCLUDE_SOURCE;
				MTL_FAST_MATH = YES;
				ONLY_ACTIVE_ARCH = YES;
				SDKROOT = iphoneos;
				SWIFT_ACTIVE_COMPILATION_CONDITIONS = DEBUG;
				SWIFT_OPTIMIZATION_LEVEL = "-Onone";
			};
			name = Debug;
		};
		48FCE6FD28DD11D9002C0C88 /* Release */ = {
			isa = XCBuildConfiguration;
			buildSettings = {
				ALWAYS_SEARCH_USER_PATHS = NO;
				CLANG_ANALYZER_NONNULL = YES;
				CLANG_ANALYZER_NUMBER_OBJECT_CONVERSION = YES_AGGRESSIVE;
				CLANG_CXX_LANGUAGE_STANDARD = "gnu++20";
				CLANG_ENABLE_MODULES = YES;
				CLANG_ENABLE_OBJC_ARC = YES;
				CLANG_ENABLE_OBJC_WEAK = YES;
				CLANG_WARN_BLOCK_CAPTURE_AUTORELEASING = YES;
				CLANG_WARN_BOOL_CONVERSION = YES;
				CLANG_WARN_COMMA = YES;
				CLANG_WARN_CONSTANT_CONVERSION = YES;
				CLANG_WARN_DEPRECATED_OBJC_IMPLEMENTATIONS = YES;
				CLANG_WARN_DIRECT_OBJC_ISA_USAGE = YES_ERROR;
				CLANG_WARN_DOCUMENTATION_COMMENTS = YES;
				CLANG_WARN_EMPTY_BODY = YES;
				CLANG_WARN_ENUM_CONVERSION = YES;
				CLANG_WARN_INFINITE_RECURSION = YES;
				CLANG_WARN_INT_CONVERSION = YES;
				CLANG_WARN_NON_LITERAL_NULL_CONVERSION = YES;
				CLANG_WARN_OBJC_IMPLICIT_RETAIN_SELF = YES;
				CLANG_WARN_OBJC_LITERAL_CONVERSION = YES;
				CLANG_WARN_OBJC_ROOT_CLASS = YES_ERROR;
				CLANG_WARN_QUOTED_INCLUDE_IN_FRAMEWORK_HEADER = YES;
				CLANG_WARN_RANGE_LOOP_ANALYSIS = YES;
				CLANG_WARN_STRICT_PROTOTYPES = YES;
				CLANG_WARN_SUSPICIOUS_MOVE = YES;
				CLANG_WARN_UNGUARDED_AVAILABILITY = YES_AGGRESSIVE;
				CLANG_WARN_UNREACHABLE_CODE = YES;
				CLANG_WARN__DUPLICATE_METHOD_MATCH = YES;
				COPY_PHASE_STRIP = NO;
				DEBUG_INFORMATION_FORMAT = "dwarf-with-dsym";
				ENABLE_NS_ASSERTIONS = NO;
				ENABLE_STRICT_OBJC_MSGSEND = YES;
				GCC_C_LANGUAGE_STANDARD = gnu11;
				GCC_NO_COMMON_BLOCKS = YES;
				GCC_WARN_64_TO_32_BIT_CONVERSION = YES;
				GCC_WARN_ABOUT_RETURN_TYPE = YES_ERROR;
				GCC_WARN_UNDECLARED_SELECTOR = YES;
				GCC_WARN_UNINITIALIZED_AUTOS = YES_AGGRESSIVE;
				GCC_WARN_UNUSED_FUNCTION = YES;
				GCC_WARN_UNUSED_VARIABLE = YES;
				IPHONEOS_DEPLOYMENT_TARGET = 16.0;
				MTL_ENABLE_DEBUG_INFO = NO;
				MTL_FAST_MATH = YES;
				SDKROOT = iphoneos;
				SWIFT_COMPILATION_MODE = wholemodule;
				SWIFT_OPTIMIZATION_LEVEL = "-O";
				VALIDATE_PRODUCT = YES;
			};
			name = Release;
		};
		48FCE6FF28DD11D9002C0C88 /* Debug */ = {
			isa = XCBuildConfiguration;
			buildSettings = {
				ASSETCATALOG_COMPILER_APPICON_NAME = AppIcon;
				ASSETCATALOG_COMPILER_GLOBAL_ACCENT_COLOR_NAME = AccentColor;
				CODE_SIGN_STYLE = Automatic;
				CURRENT_PROJECT_VERSION = 1;
				DEVELOPMENT_ASSET_PATHS = "\"ChatMate/Preview Content\"";
				DEVELOPMENT_TEAM = R5HPSSBSS3;
				ENABLE_PREVIEWS = YES;
				GENERATE_INFOPLIST_FILE = YES;
				INFOPLIST_FILE = ChatMate/Info.plist;
				INFOPLIST_KEY_UIApplicationSceneManifest_Generation = YES;
				INFOPLIST_KEY_UIApplicationSupportsIndirectInputEvents = YES;
				INFOPLIST_KEY_UILaunchScreen_Generation = YES;
				INFOPLIST_KEY_UISupportedInterfaceOrientations_iPad = "UIInterfaceOrientationPortrait UIInterfaceOrientationPortraitUpsideDown UIInterfaceOrientationLandscapeLeft UIInterfaceOrientationLandscapeRight";
				INFOPLIST_KEY_UISupportedInterfaceOrientations_iPhone = "UIInterfaceOrientationPortrait UIInterfaceOrientationLandscapeLeft UIInterfaceOrientationLandscapeRight";
				LD_RUNPATH_SEARCH_PATHS = (
					"$(inherited)",
					"@executable_path/Frameworks",
				);
				MARKETING_VERSION = 1.0;
				PRODUCT_BUNDLE_IDENTIFIER = com.veersingh209.ChatMate;
				PRODUCT_NAME = "$(TARGET_NAME)";
				SWIFT_EMIT_LOC_STRINGS = YES;
				SWIFT_VERSION = 5.0;
				TARGETED_DEVICE_FAMILY = "1,2";
			};
			name = Debug;
		};
		48FCE70028DD11D9002C0C88 /* Release */ = {
			isa = XCBuildConfiguration;
			buildSettings = {
				ASSETCATALOG_COMPILER_APPICON_NAME = AppIcon;
				ASSETCATALOG_COMPILER_GLOBAL_ACCENT_COLOR_NAME = AccentColor;
				CODE_SIGN_STYLE = Automatic;
				CURRENT_PROJECT_VERSION = 1;
				DEVELOPMENT_ASSET_PATHS = "\"ChatMate/Preview Content\"";
				DEVELOPMENT_TEAM = R5HPSSBSS3;
				ENABLE_PREVIEWS = YES;
				GENERATE_INFOPLIST_FILE = YES;
				INFOPLIST_FILE = ChatMate/Info.plist;
				INFOPLIST_KEY_UIApplicationSceneManifest_Generation = YES;
				INFOPLIST_KEY_UIApplicationSupportsIndirectInputEvents = YES;
				INFOPLIST_KEY_UILaunchScreen_Generation = YES;
				INFOPLIST_KEY_UISupportedInterfaceOrientations_iPad = "UIInterfaceOrientationPortrait UIInterfaceOrientationPortraitUpsideDown UIInterfaceOrientationLandscapeLeft UIInterfaceOrientationLandscapeRight";
				INFOPLIST_KEY_UISupportedInterfaceOrientations_iPhone = "UIInterfaceOrientationPortrait UIInterfaceOrientationLandscapeLeft UIInterfaceOrientationLandscapeRight";
				LD_RUNPATH_SEARCH_PATHS = (
					"$(inherited)",
					"@executable_path/Frameworks",
				);
				MARKETING_VERSION = 1.0;
				PRODUCT_BUNDLE_IDENTIFIER = com.veersingh209.ChatMate;
				PRODUCT_NAME = "$(TARGET_NAME)";
				SWIFT_EMIT_LOC_STRINGS = YES;
				SWIFT_VERSION = 5.0;
				TARGETED_DEVICE_FAMILY = "1,2";
			};
			name = Release;
		};
/* End XCBuildConfiguration section */

/* Begin XCConfigurationList section */
		48FCE6EB28DD11D7002C0C88 /* Build configuration list for PBXProject "ChatMate" */ = {
			isa = XCConfigurationList;
			buildConfigurations = (
				48FCE6FC28DD11D9002C0C88 /* Debug */,
				48FCE6FD28DD11D9002C0C88 /* Release */,
			);
			defaultConfigurationIsVisible = 0;
			defaultConfigurationName = Release;
		};
		48FCE6FE28DD11D9002C0C88 /* Build configuration list for PBXNativeTarget "ChatMate" */ = {
			isa = XCConfigurationList;
			buildConfigurations = (
				48FCE6FF28DD11D9002C0C88 /* Debug */,
				48FCE70028DD11D9002C0C88 /* Release */,
			);
			defaultConfigurationIsVisible = 0;
			defaultConfigurationName = Release;
		};
/* End XCConfigurationList section */

/* Begin XCRemoteSwiftPackageReference section */
		48FCE72128DE0C2D002C0C88 /* XCRemoteSwiftPackageReference "firebase-ios-sdk" */ = {
			isa = XCRemoteSwiftPackageReference;
			repositoryURL = "https://github.com/firebase/firebase-ios-sdk";
			requirement = {
				kind = upToNextMajorVersion;
				minimumVersion = 9.0.0;
			};
		};
/* End XCRemoteSwiftPackageReference section */

/* Begin XCSwiftPackageProductDependency section */
		48FCE72228DE0C2D002C0C88 /* FirebaseAuth */ = {
			isa = XCSwiftPackageProductDependency;
			package = 48FCE72128DE0C2D002C0C88 /* XCRemoteSwiftPackageReference "firebase-ios-sdk" */;
			productName = FirebaseAuth;
		};
		48FCE72428DE0C2D002C0C88 /* FirebaseFirestore */ = {
			isa = XCSwiftPackageProductDependency;
			package = 48FCE72128DE0C2D002C0C88 /* XCRemoteSwiftPackageReference "firebase-ios-sdk" */;
			productName = FirebaseFirestore;
		};
		48FCE72628DE0C2D002C0C88 /* FirebaseFirestoreSwift */ = {
			isa = XCSwiftPackageProductDependency;
			package = 48FCE72128DE0C2D002C0C88 /* XCRemoteSwiftPackageReference "firebase-ios-sdk" */;
			productName = FirebaseFirestoreSwift;
		};
		48FCE72828DE0C2D002C0C88 /* FirebaseStorage */ = {
			isa = XCSwiftPackageProductDependency;
			package = 48FCE72128DE0C2D002C0C88 /* XCRemoteSwiftPackageReference "firebase-ios-sdk" */;
			productName = FirebaseStorage;
		};
/* End XCSwiftPackageProductDependency section */
	};
	rootObject = 48FCE6E828DD11D7002C0C88 /* Project object */;
}
